PODS:
  - Curve25519 (2.0.3)
  - HKDFKit (0.0.3)
  - ProtocolBuffers (1.9.11)

DEPENDENCIES:
  - Curve25519 (= 2.0.3)
  - HKDFKit (~> 0.0.3)
  - ProtocolBuffers (~> 1.9.7)

SPEC CHECKSUMS:
  Curve25519: 2342c42baf3cbb113263a4a05d9c2371574892c1
  HKDFKit: c058305d6f64b84f28c50bd7aa89574625bcb62a
  ProtocolBuffers: d509225eb2ea43d9582a59e94348fcf86e2abd65

PODFILE CHECKSUM: 1e8cb38df58d50428823ae5be2e5968b28b20bc4

COCOAPODS: 1.1.1
